PODS:
  - Capacitor (7.2.0):
    - CapacitorCordova
  - CapacitorBarcodeScanner (2.0.3):
    - Capacitor
    - OSBarcodeLib (~> 1.1.3)
  - CapacitorCamera (7.0.1):
    - Capacitor
  - CapacitorCommunitySqlite (7.0.0):
    - Capacitor
    - SQLCipher
    - ZIPFoundation
  - CapacitorCordova (7.2.0)
  - CapacitorSplashScreen (7.0.1):
    - Capacitor
  - OSBarcodeLib (1.1.3)
  - SQLCipher (4.8.0):
    - SQLCipher/standard (= 4.8.0)
  - SQLCipher/common (4.8.0)
  - SQLCipher/standard (4.8.0):
    - SQLCipher/common
  - ZIPFoundation (0.9.19)

DEPENDENCIES:
  - "Capacitor (from `../../node_modules/@capacitor/ios`)"
  - "CapacitorBarcodeScanner (from `../../node_modules/@capacitor/barcode-scanner`)"
  - "CapacitorCamera (from `../../node_modules/@capacitor/camera`)"
  - "CapacitorCommunitySqlite (from `../../node_modules/@capacitor-community/sqlite`)"
  - "CapacitorCordova (from `../../node_modules/@capacitor/ios`)"
  - "CapacitorSplashScreen (from `../../node_modules/@capacitor/splash-screen`)"

SPEC REPOS:
  trunk:
    - OSBarcodeLib
    - SQLCipher
    - ZIPFoundation

EXTERNAL SOURCES:
  Capacitor:
    :path: "../../node_modules/@capacitor/ios"
  CapacitorBarcodeScanner:
    :path: "../../node_modules/@capacitor/barcode-scanner"
  CapacitorCamera:
    :path: "../../node_modules/@capacitor/camera"
  CapacitorCommunitySqlite:
    :path: "../../node_modules/@capacitor-community/sqlite"
  CapacitorCordova:
    :path: "../../node_modules/@capacitor/ios"
  CapacitorSplashScreen:
    :path: "../../node_modules/@capacitor/splash-screen"

SPEC CHECKSUMS:
  Capacitor: 106e7a4205f4618d582b886a975657c61179138d
  CapacitorBarcodeScanner: 3c32ee7c4f7088cefb1abf1b83c10a11202190a8
  CapacitorCamera: eb8687d8687fed853598ec9460d94bcd5e16babe
  CapacitorCommunitySqlite: 6501e7349acf998346acf24ef757861bb3f6fc2b
  CapacitorCordova: 5967b9ba03915ef1d585469d6e31f31dc49be96f
  CapacitorSplashScreen: 19cd3573e57507e02d6f34597a8c421e00931487
  OSBarcodeLib: f2e981270a64faf476cb790864262b29ab8cd68a
  SQLCipher: 908f846ca79d74be4e1776b3b86c6ad9e6c0b04f
  ZIPFoundation: b8c29ea7ae353b309bc810586181fd073cb3312c

PODFILE CHECKSUM: ff56ab44f246686de9bcfaee98e7667e507a6b6a

COCOAPODS: 1.15.0
